
Microsoft Visual Studio Solution File, Format Version 12.00
# Visual Studio Version 16
VisualStudioVersion = 16.0.30104.148
MinimumVisualStudioVersion = 10.0.40219.1
Project("{9A19103F-16F7-4668-BE54-9A1E7A4F7556}") = "DataAccessLayer", "DataAccessLayer\DataAccessLayer.csproj", "{FA2D8F02-7EED-4C28-8FC3-ABAD1A38D9BD}"
EndProject
Project("{9A19103F-16F7-4668-BE54-9A1E7A4F7556}") = "BusinessLayer", "BusinessLayer\BusinessLayer.csproj", "{8BABAEB3-0F25-4059-B32C-2CF2C1021987}"
EndProject
Project("{9A19103F-16F7-4668-BE54-9A1E7A4F7556}") = "PatientRecords", "PatientRecords\PatientRecords.csproj", "{F7EBBC91-B193-4641-B5B6-10FD86904055}"
EndProject
Project("{FAE04EC0-301F-11D3-BF4B-00C04F79EFBC}") = "WebApp", "WebApp\WebApp.csproj", "{C8E7E7DF-D2F5-4481-9139-F5AC856F0E50}"
EndProject
Global
	GlobalSection(SolutionConfigurationPlatforms) = preSolution
		Debug|Any CPU = Debug|Any CPU
		Release|Any CPU = Release|Any CPU
	EndGlobalSection
	GlobalSection(ProjectConfigurationPlatforms) = postSolution
		{FA2D8F02-7EED-4C28-8FC3-ABAD1A38D9BD}.Debug|Any CPU.ActiveCfg = Debug|Any CPU
		{FA2D8F02-7EED-4C28-8FC3-ABAD1A38D9BD}.Debug|Any CPU.Build.0 = Debug|Any CPU
		{FA2D8F02-7EED-4C28-8FC3-ABAD1A38D9BD}.Release|Any CPU.ActiveCfg = Release|Any CPU
		{FA2D8F02-7EED-4C28-8FC3-ABAD1A38D9BD}.Release|Any CPU.Build.0 = Release|Any CPU
		{8BABAEB3-0F25-4059-B32C-2CF2C1021987}.Debug|Any CPU.ActiveCfg = Debug|Any CPU
		{8BABAEB3-0F25-4059-B32C-2CF2C1021987}.Debug|Any CPU.Build.0 = Debug|Any CPU
		{8BABAEB3-0F25-4059-B32C-2CF2C1021987}.Release|Any CPU.ActiveCfg = Release|Any CPU
		{8BABAEB3-0F25-4059-B32C-2CF2C1021987}.Release|Any CPU.Build.0 = Release|Any CPU
		{F7EBBC91-B193-4641-B5B6-10FD86904055}.Debug|Any CPU.ActiveCfg = Debug|Any CPU
		{F7EBBC91-B193-4641-B5B6-10FD86904055}.Debug|Any CPU.Build.0 = Debug|Any CPU
		{F7EBBC91-B193-4641-B5B6-10FD86904055}.Release|Any CPU.ActiveCfg = Release|Any CPU
		{F7EBBC91-B193-4641-B5B6-10FD86904055}.Release|Any CPU.Build.0 = Release|Any CPU
		{C8E7E7DF-D2F5-4481-9139-F5AC856F0E50}.Debug|Any CPU.ActiveCfg = Debug|Any CPU
		{C8E7E7DF-D2F5-4481-9139-F5AC856F0E50}.Debug|Any CPU.Build.0 = Debug|Any CPU
		{C8E7E7DF-D2F5-4481-9139-F5AC856F0E50}.Release|Any CPU.ActiveCfg = Release|Any CPU
		{C8E7E7DF-D2F5-4481-9139-F5AC856F0E50}.Release|Any CPU.Build.0 = Release|Any CPU
	EndGlobalSection
	GlobalSection(SolutionProperties) = preSolution
		HideSolutionNode = FALSE
	EndGlobalSection
	GlobalSection(ExtensibilityGlobals) = postSolution
		SolutionGuid = {081752D8-8AE2-4CD6-B9DC-B54C6DCE1DED}
	EndGlobalSection
EndGlobal
